
Microsoft Visual Studio Solution File, Format Version 12.00
# Visual Studio Version 16
VisualStudioVersion = 16.0.30611.23
MinimumVisualStudioVersion = 10.0.40219.1
Project("{FAE04EC0-301F-11D3-BF4B-00C04F79EFBC}") = "Zadatak 2", "Zadatak 2\Zadatak 2.csproj", "{70AEECEF-5077-43ED-8DF4-AE8A7D60F2A0}"
EndProject
Global
	GlobalSection(SolutionConfigurationPlatforms) = preSolution
		Debug|Any CPU = Debug|Any CPU
		Release|Any CPU = Release|Any CPU
	EndGlobalSection
	GlobalSection(ProjectConfigurationPlatforms) = postSolution
		{70AEECEF-5077-43ED-8DF4-AE8A7D60F2A0}.Debug|Any CPU.ActiveCfg = Debug|Any CPU
		{70AEECEF-5077-43ED-8DF4-AE8A7D60F2A0}.Debug|Any CPU.Build.0 = Debug|Any CPU
		{70AEECEF-5077-43ED-8DF4-AE8A7D60F2A0}.Release|Any CPU.ActiveCfg = Release|Any CPU
		{70AEECEF-5077-43ED-8DF4-AE8A7D60F2A0}.Release|Any CPU.Build.0 = Release|Any CPU
	EndGlobalSection
	GlobalSection(SolutionProperties) = preSolution
		HideSolutionNode = FALSE
	EndGlobalSection
	GlobalSection(ExtensibilityGlobals) = postSolution
		SolutionGuid = {B62E31F4-E4FC-45F7-844F-280903E84025}
	EndGlobalSection
EndGlobal
